// !$*UTF8*$!
{
	archiveVersion = 1;
	classes = {
	};
	objectVersion = 56;
	objects = {

/* Begin PBXBuildFile section */
		090C83E129D162C3004AF336 /* FlashSaleView.swift in Sources */ = {isa = PBXBuildFile; fileRef = 090C83E029D162C3004AF336 /* FlashSaleView.swift */; };
		090C83E329D162DB004AF336 /* LatestView.swift in Sources */ = {isa = PBXBuildFile; fileRef = 090C83E229D162DB004AF336 /* LatestView.swift */; };
		090C83E529D16302004AF336 /* LatestModel.swift in Sources */ = {isa = PBXBuildFile; fileRef = 090C83E429D16302004AF336 /* LatestModel.swift */; };
		090C83E729D163D0004AF336 /* FlashSaleModel.swift in Sources */ = {isa = PBXBuildFile; fileRef = 090C83E629D163D0004AF336 /* FlashSaleModel.swift */; };
		090C83EA29D16459004AF336 /* HomeService.swift in Sources */ = {isa = PBXBuildFile; fileRef = 090C83E929D16459004AF336 /* HomeService.swift */; };
		090C83EC29D17825004AF336 /* SearchModel.swift in Sources */ = {isa = PBXBuildFile; fileRef = 090C83EB29D17825004AF336 /* SearchModel.swift */; };
		09268DB529CF368C00D17F8C /* ProfileCellView.swift in Sources */ = {isa = PBXBuildFile; fileRef = 09268DB429CF368C00D17F8C /* ProfileCellView.swift */; };
		09268DB829CF36B500D17F8C /* ProfileCellModel.swift in Sources */ = {isa = PBXBuildFile; fileRef = 09268DB729CF36B500D17F8C /* ProfileCellModel.swift */; };
		09268DBC29CF37AB00D17F8C /* CustomTabBarView.swift in Sources */ = {isa = PBXBuildFile; fileRef = 09268DBB29CF37AB00D17F8C /* CustomTabBarView.swift */; };
		09268DBE29CF37F600D17F8C /* CustomTabBarContainerView.swift in Sources */ = {isa = PBXBuildFile; fileRef = 09268DBD29CF37F600D17F8C /* CustomTabBarContainerView.swift */; };
		09268DC029CF381100D17F8C /* TabBarViewModel.swift in Sources */ = {isa = PBXBuildFile; fileRef = 09268DBF29CF381100D17F8C /* TabBarViewModel.swift */; };
		092BB77029D04F9A005831D7 /* CategoryHeaderView.swift in Sources */ = {isa = PBXBuildFile; fileRef = 092BB76F29D04F9A005831D7 /* CategoryHeaderView.swift */; };
		092BB77329D04FE3005831D7 /* CategoryHeaderModel.swift in Sources */ = {isa = PBXBuildFile; fileRef = 092BB77229D04FE3005831D7 /* CategoryHeaderModel.swift */; };
		092BB77929D0855B005831D7 /* URLRequest.swift in Sources */ = {isa = PBXBuildFile; fileRef = 092BB77729D0855B005831D7 /* URLRequest.swift */; };
		092BB77A29D0855B005831D7 /* URL.swift in Sources */ = {isa = PBXBuildFile; fileRef = 092BB77829D0855B005831D7 /* URL.swift */; };
		092BB77C29D085BC005831D7 /* BaseNetwork.swift in Sources */ = {isa = PBXBuildFile; fileRef = 092BB77B29D085BC005831D7 /* BaseNetwork.swift */; };
		0941AAC529C5890D0086481C /* UserModel.swift in Sources */ = {isa = PBXBuildFile; fileRef = 0941AAC429C5890D0086481C /* UserModel.swift */; };
		09468D9C29CACD5F0002FE17 /* TabBarItemViewModifier.swift in Sources */ = {isa = PBXBuildFile; fileRef = 09468D9B29CACD5F0002FE17 /* TabBarItemViewModifier.swift */; };
		09468D9E29CACD8E0002FE17 /* TabBarItem.swift in Sources */ = {isa = PBXBuildFile; fileRef = 09468D9D29CACD8E0002FE17 /* TabBarItem.swift */; };
		09468DA029CACDC80002FE17 /* RoundedCorner.swift in Sources */ = {isa = PBXBuildFile; fileRef = 09468D9F29CACDC80002FE17 /* RoundedCorner.swift */; };
		095A41B229C335AA00066D72 /* SecureStorage.swift in Sources */ = {isa = PBXBuildFile; fileRef = 095A41B129C335AA00066D72 /* SecureStorage.swift */; };
		0975473A29D1A8A8001845CF /* Nuke in Frameworks */ = {isa = PBXBuildFile; productRef = 0975473929D1A8A8001845CF /* Nuke */; };
		0975473C29D1A8A8001845CF /* NukeExtensions in Frameworks */ = {isa = PBXBuildFile; productRef = 0975473B29D1A8A8001845CF /* NukeExtensions */; };
		0975473E29D1A8A8001845CF /* NukeUI in Frameworks */ = {isa = PBXBuildFile; productRef = 0975473D29D1A8A8001845CF /* NukeUI */; };
		097D4F1029C94C5100C4E1B9 /* TabBarView.swift in Sources */ = {isa = PBXBuildFile; fileRef = 097D4F0F29C94C5100C4E1B9 /* TabBarView.swift */; };
		097D4F1229C95D0900C4E1B9 /* UIApplication.swift in Sources */ = {isa = PBXBuildFile; fileRef = 097D4F1129C95D0900C4E1B9 /* UIApplication.swift */; };
		09CEAD3B29C1A41700165662 /* MarketPlaceApp.swift in Sources */ = {isa = PBXBuildFile; fileRef = 09CEAD3A29C1A41700165662 /* MarketPlaceApp.swift */; };
		09CEAD3D29C1A41700165662 /* SignInView.swift in Sources */ = {isa = PBXBuildFile; fileRef = 09CEAD3C29C1A41700165662 /* SignInView.swift */; };
		09CEAD3F29C1A41800165662 /* Assets.xcassets in Resources */ = {isa = PBXBuildFile; fileRef = 09CEAD3E29C1A41800165662 /* Assets.xcassets */; };
		09CEAD4229C1A41800165662 /* Preview Assets.xcassets in Resources */ = {isa = PBXBuildFile; fileRef = 09CEAD4129C1A41800165662 /* Preview Assets.xcassets */; };
		09CEAD4A29C1AA6100165662 /* Montserrat.ttf in Resources */ = {isa = PBXBuildFile; fileRef = 09CEAD4929C1AA6100165662 /* Montserrat.ttf */; };
		09CEAD4D29C1AAFE00165662 /* CustomFontModifier.swift in Sources */ = {isa = PBXBuildFile; fileRef = 09CEAD4C29C1AAFE00165662 /* CustomFontModifier.swift */; };
		09CEAD4F29C1AB1B00165662 /* View.swift in Sources */ = {isa = PBXBuildFile; fileRef = 09CEAD4E29C1AB1B00165662 /* View.swift */; };
		09CEAD5329C1BA1F00165662 /* SignInViewModel.swift in Sources */ = {isa = PBXBuildFile; fileRef = 09CEAD5229C1BA1F00165662 /* SignInViewModel.swift */; };
		09CEAD5629C1BA7200165662 /* CustomTextField.swift in Sources */ = {isa = PBXBuildFile; fileRef = 09CEAD5529C1BA7200165662 /* CustomTextField.swift */; };
		09CEAD5A29C1BB0B00165662 /* LoginView.swift in Sources */ = {isa = PBXBuildFile; fileRef = 09CEAD5929C1BB0B00165662 /* LoginView.swift */; };
		09CEAD5E29C1BFF500165662 /* LoginViewModel.swift in Sources */ = {isa = PBXBuildFile; fileRef = 09CEAD5D29C1BFF500165662 /* LoginViewModel.swift */; };
		09CEAD6029C1C14B00165662 /* MarketPlaceAppViewModel.swift in Sources */ = {isa = PBXBuildFile; fileRef = 09CEAD5F29C1C14B00165662 /* MarketPlaceAppViewModel.swift */; };
		09CEAD6429C1D96C00165662 /* Scheduler.swift in Sources */ = {isa = PBXBuildFile; fileRef = 09CEAD6329C1D96C00165662 /* Scheduler.swift */; };
		09CEAD6729C1DE1B00165662 /* LoginModel.xcdatamodeld in Sources */ = {isa = PBXBuildFile; fileRef = 09CEAD6529C1DE1B00165662 /* LoginModel.xcdatamodeld */; };
		09CEAD6929C1E25B00165662 /* LoginDataContoller.swift in Sources */ = {isa = PBXBuildFile; fileRef = 09CEAD6829C1E25B00165662 /* LoginDataContoller.swift */; };
		09CEAD6B29C1E2D100165662 /* CoreDataPublisher.swift in Sources */ = {isa = PBXBuildFile; fileRef = 09CEAD6A29C1E2D100165662 /* CoreDataPublisher.swift */; };
		09D7851529CC081900231C7C /* HeaderView.swift in Sources */ = {isa = PBXBuildFile; fileRef = 09D7851429CC081900231C7C /* HeaderView.swift */; };
		09D7853229CC1A3300231C7C /* ProfileViewModel.swift in Sources */ = {isa = PBXBuildFile; fileRef = 09D7853129CC1A3300231C7C /* ProfileViewModel.swift */; };
		09D7853429CC1A3B00231C7C /* ProfileView.swift in Sources */ = {isa = PBXBuildFile; fileRef = 09D7853329CC1A3B00231C7C /* ProfileView.swift */; };
		09F04DB229C84286007DC641 /* HomeView.swift in Sources */ = {isa = PBXBuildFile; fileRef = 09F04DB129C84286007DC641 /* HomeView.swift */; };
		09F04DB429C842AB007DC641 /* HomeViewModel.swift in Sources */ = {isa = PBXBuildFile; fileRef = 09F04DB329C842AB007DC641 /* HomeViewModel.swift */; };
/* End PBXBuildFile section */

/* Begin PBXFileReference section */
		090C83E029D162C3004AF336 /* FlashSaleView.swift */ = {isa = PBXFileReference; lastKnownFileType = sourcecode.swift; path = FlashSaleView.swift; sourceTree = "<group>"; };
		090C83E229D162DB004AF336 /* LatestView.swift */ = {isa = PBXFileReference; lastKnownFileType = sourcecode.swift; path = LatestView.swift; sourceTree = "<group>"; };
		090C83E429D16302004AF336 /* LatestModel.swift */ = {isa = PBXFileReference; lastKnownFileType = sourcecode.swift; path = LatestModel.swift; sourceTree = "<group>"; };
		090C83E629D163D0004AF336 /* FlashSaleModel.swift */ = {isa = PBXFileReference; lastKnownFileType = sourcecode.swift; path = FlashSaleModel.swift; sourceTree = "<group>"; };
		090C83E929D16459004AF336 /* HomeService.swift */ = {isa = PBXFileReference; lastKnownFileType = sourcecode.swift; path = HomeService.swift; sourceTree = "<group>"; };
		090C83EB29D17825004AF336 /* SearchModel.swift */ = {isa = PBXFileReference; lastKnownFileType = sourcecode.swift; path = SearchModel.swift; sourceTree = "<group>"; };
		09268DB429CF368C00D17F8C /* ProfileCellView.swift */ = {isa = PBXFileReference; lastKnownFileType = sourcecode.swift; path = ProfileCellView.swift; sourceTree = "<group>"; };
		09268DB729CF36B500D17F8C /* ProfileCellModel.swift */ = {isa = PBXFileReference; lastKnownFileType = sourcecode.swift; path = ProfileCellModel.swift; sourceTree = "<group>"; };
		09268DBB29CF37AB00D17F8C /* CustomTabBarView.swift */ = {isa = PBXFileReference; lastKnownFileType = sourcecode.swift; path = CustomTabBarView.swift; sourceTree = "<group>"; };
		09268DBD29CF37F600D17F8C /* CustomTabBarContainerView.swift */ = {isa = PBXFileReference; lastKnownFileType = sourcecode.swift; path = CustomTabBarContainerView.swift; sourceTree = "<group>"; };
		09268DBF29CF381100D17F8C /* TabBarViewModel.swift */ = {isa = PBXFileReference; lastKnownFileType = sourcecode.swift; path = TabBarViewModel.swift; sourceTree = "<group>"; };
		092BB76F29D04F9A005831D7 /* CategoryHeaderView.swift */ = {isa = PBXFileReference; lastKnownFileType = sourcecode.swift; path = CategoryHeaderView.swift; sourceTree = "<group>"; };
		092BB77229D04FE3005831D7 /* CategoryHeaderModel.swift */ = {isa = PBXFileReference; lastKnownFileType = sourcecode.swift; path = CategoryHeaderModel.swift; sourceTree = "<group>"; };
		092BB77729D0855B005831D7 /* URLRequest.swift */ = {isa = PBXFileReference; fileEncoding = 4; lastKnownFileType = sourcecode.swift; path = URLRequest.swift; sourceTree = "<group>"; };
		092BB77829D0855B005831D7 /* URL.swift */ = {isa = PBXFileReference; fileEncoding = 4; lastKnownFileType = sourcecode.swift; path = URL.swift; sourceTree = "<group>"; };
		092BB77B29D085BC005831D7 /* BaseNetwork.swift */ = {isa = PBXFileReference; fileEncoding = 4; lastKnownFileType = sourcecode.swift; path = BaseNetwork.swift; sourceTree = "<group>"; };
		0941AAC429C5890D0086481C /* UserModel.swift */ = {isa = PBXFileReference; lastKnownFileType = sourcecode.swift; path = UserModel.swift; sourceTree = "<group>"; };
		09468D9B29CACD5F0002FE17 /* TabBarItemViewModifier.swift */ = {isa = PBXFileReference; lastKnownFileType = sourcecode.swift; path = TabBarItemViewModifier.swift; sourceTree = "<group>"; };
		09468D9D29CACD8E0002FE17 /* TabBarItem.swift */ = {isa = PBXFileReference; lastKnownFileType = sourcecode.swift; path = TabBarItem.swift; sourceTree = "<group>"; };
		09468D9F29CACDC80002FE17 /* RoundedCorner.swift */ = {isa = PBXFileReference; lastKnownFileType = sourcecode.swift; path = RoundedCorner.swift; sourceTree = "<group>"; };
		095A41B129C335AA00066D72 /* SecureStorage.swift */ = {isa = PBXFileReference; lastKnownFileType = sourcecode.swift; path = SecureStorage.swift; sourceTree = "<group>"; };
		097D4F0F29C94C5100C4E1B9 /* TabBarView.swift */ = {isa = PBXFileReference; lastKnownFileType = sourcecode.swift; path = TabBarView.swift; sourceTree = "<group>"; };
		097D4F1129C95D0900C4E1B9 /* UIApplication.swift */ = {isa = PBXFileReference; lastKnownFileType = sourcecode.swift; path = UIApplication.swift; sourceTree = "<group>"; };
		09CEAD3729C1A41700165662 /* MarketPlace.app */ = {isa = PBXFileReference; explicitFileType = wrapper.application; includeInIndex = 0; path = MarketPlace.app; sourceTree = BUILT_PRODUCTS_DIR; };
		09CEAD3A29C1A41700165662 /* MarketPlaceApp.swift */ = {isa = PBXFileReference; lastKnownFileType = sourcecode.swift; path = MarketPlaceApp.swift; sourceTree = "<group>"; };
		09CEAD3C29C1A41700165662 /* SignInView.swift */ = {isa = PBXFileReference; lastKnownFileType = sourcecode.swift; path = SignInView.swift; sourceTree = "<group>"; };
		09CEAD3E29C1A41800165662 /* Assets.xcassets */ = {isa = PBXFileReference; lastKnownFileType = folder.assetcatalog; path = Assets.xcassets; sourceTree = "<group>"; };
		09CEAD4129C1A41800165662 /* Preview Assets.xcassets */ = {isa = PBXFileReference; lastKnownFileType = folder.assetcatalog; path = "Preview Assets.xcassets"; sourceTree = "<group>"; };
		09CEAD4929C1AA6100165662 /* Montserrat.ttf */ = {isa = PBXFileReference; lastKnownFileType = file; path = Montserrat.ttf; sourceTree = "<group>"; };
		09CEAD4C29C1AAFE00165662 /* CustomFontModifier.swift */ = {isa = PBXFileReference; lastKnownFileType = sourcecode.swift; path = CustomFontModifier.swift; sourceTree = "<group>"; };
		09CEAD4E29C1AB1B00165662 /* View.swift */ = {isa = PBXFileReference; lastKnownFileType = sourcecode.swift; path = View.swift; sourceTree = "<group>"; };
		09CEAD5229C1BA1F00165662 /* SignInViewModel.swift */ = {isa = PBXFileReference; lastKnownFileType = sourcecode.swift; path = SignInViewModel.swift; sourceTree = "<group>"; };
		09CEAD5529C1BA7200165662 /* CustomTextField.swift */ = {isa = PBXFileReference; lastKnownFileType = sourcecode.swift; path = CustomTextField.swift; sourceTree = "<group>"; };
		09CEAD5929C1BB0B00165662 /* LoginView.swift */ = {isa = PBXFileReference; lastKnownFileType = sourcecode.swift; path = LoginView.swift; sourceTree = "<group>"; };
		09CEAD5D29C1BFF500165662 /* LoginViewModel.swift */ = {isa = PBXFileReference; lastKnownFileType = sourcecode.swift; path = LoginViewModel.swift; sourceTree = "<group>"; };
		09CEAD5F29C1C14B00165662 /* MarketPlaceAppViewModel.swift */ = {isa = PBXFileReference; lastKnownFileType = sourcecode.swift; path = MarketPlaceAppViewModel.swift; sourceTree = "<group>"; };
		09CEAD6329C1D96C00165662 /* Scheduler.swift */ = {isa = PBXFileReference; lastKnownFileType = sourcecode.swift; path = Scheduler.swift; sourceTree = "<group>"; };
		09CEAD6629C1DE1B00165662 /* LoginModel.xcdatamodel */ = {isa = PBXFileReference; lastKnownFileType = wrapper.xcdatamodel; path = LoginModel.xcdatamodel; sourceTree = "<group>"; };
		09CEAD6829C1E25B00165662 /* LoginDataContoller.swift */ = {isa = PBXFileReference; lastKnownFileType = sourcecode.swift; path = LoginDataContoller.swift; sourceTree = "<group>"; };
		09CEAD6A29C1E2D100165662 /* CoreDataPublisher.swift */ = {isa = PBXFileReference; lastKnownFileType = sourcecode.swift; path = CoreDataPublisher.swift; sourceTree = "<group>"; };
		09D7851429CC081900231C7C /* HeaderView.swift */ = {isa = PBXFileReference; lastKnownFileType = sourcecode.swift; path = HeaderView.swift; sourceTree = "<group>"; };
		09D7853129CC1A3300231C7C /* ProfileViewModel.swift */ = {isa = PBXFileReference; lastKnownFileType = sourcecode.swift; path = ProfileViewModel.swift; sourceTree = "<group>"; };
		09D7853329CC1A3B00231C7C /* ProfileView.swift */ = {isa = PBXFileReference; lastKnownFileType = sourcecode.swift; path = ProfileView.swift; sourceTree = "<group>"; };
		09F04DB129C84286007DC641 /* HomeView.swift */ = {isa = PBXFileReference; lastKnownFileType = sourcecode.swift; path = HomeView.swift; sourceTree = "<group>"; };
		09F04DB329C842AB007DC641 /* HomeViewModel.swift */ = {isa = PBXFileReference; lastKnownFileType = sourcecode.swift; path = HomeViewModel.swift; sourceTree = "<group>"; };
/* End PBXFileReference section */

/* Begin PBXFrameworksBuildPhase section */
		09CEAD3429C1A41700165662 /* Frameworks */ = {
			isa = PBXFrameworksBuildPhase;
			buildActionMask = 2147483647;
			files = (
				0975473E29D1A8A8001845CF /* NukeUI in Frameworks */,
				0975473A29D1A8A8001845CF /* Nuke in Frameworks */,
				0975473C29D1A8A8001845CF /* NukeExtensions in Frameworks */,
			);
			runOnlyForDeploymentPostprocessing = 0;
		};
/* End PBXFrameworksBuildPhase section */

/* Begin PBXGroup section */
		090C83E829D1644B004AF336 /* Service */ = {
			isa = PBXGroup;
			children = (
				090C83E929D16459004AF336 /* HomeService.swift */,
			);
			path = Service;
			sourceTree = "<group>";
		};
		09268DB329CF367A00D17F8C /* Component */ = {
			isa = PBXGroup;
			children = (
				09268DB429CF368C00D17F8C /* ProfileCellView.swift */,
			);
			path = Component;
			sourceTree = "<group>";
		};
		09268DB629CF36A900D17F8C /* Model */ = {
			isa = PBXGroup;
			children = (
				09268DB729CF36B500D17F8C /* ProfileCellModel.swift */,
			);
			path = Model;
			sourceTree = "<group>";
		};
		09268DB929CF375E00D17F8C /* TabBar */ = {
			isa = PBXGroup;
			children = (
				097D4F0F29C94C5100C4E1B9 /* TabBarView.swift */,
				09268DBF29CF381100D17F8C /* TabBarViewModel.swift */,
				09268DBA29CF379600D17F8C /* Components */,
			);
			path = TabBar;
			sourceTree = "<group>";
		};
		09268DBA29CF379600D17F8C /* Components */ = {
			isa = PBXGroup;
			children = (
				09468D9D29CACD8E0002FE17 /* TabBarItem.swift */,
				09268DBB29CF37AB00D17F8C /* CustomTabBarView.swift */,
				09268DBD29CF37F600D17F8C /* CustomTabBarContainerView.swift */,
			);
			path = Components;
			sourceTree = "<group>";
		};
		092BB76E29D04F8D005831D7 /* Components */ = {
			isa = PBXGroup;
			children = (
				092BB76F29D04F9A005831D7 /* CategoryHeaderView.swift */,
				090C83E029D162C3004AF336 /* FlashSaleView.swift */,
				090C83E229D162DB004AF336 /* LatestView.swift */,
			);
			path = Components;
			sourceTree = "<group>";
		};
		092BB77129D04FD2005831D7 /* Model */ = {
			isa = PBXGroup;
			children = (
				092BB77229D04FE3005831D7 /* CategoryHeaderModel.swift */,
				090C83E429D16302004AF336 /* LatestModel.swift */,
				090C83E629D163D0004AF336 /* FlashSaleModel.swift */,
				090C83EB29D17825004AF336 /* SearchModel.swift */,
			);
			path = Model;
			sourceTree = "<group>";
		};
		0941AAC329C589000086481C /* Model */ = {
			isa = PBXGroup;
			children = (
				0941AAC429C5890D0086481C /* UserModel.swift */,
			);
			path = Model;
			sourceTree = "<group>";
		};
		0975473F29D1B058001845CF /* Repository */ = {
			isa = PBXGroup;
			children = (
				095A41B129C335AA00066D72 /* SecureStorage.swift */,
				092BB77B29D085BC005831D7 /* BaseNetwork.swift */,
			);
			path = Repository;
			sourceTree = "<group>";
		};
		0975474029D1B075001845CF /* Utils */ = {
			isa = PBXGroup;
			children = (
				09CEAD6329C1D96C00165662 /* Scheduler.swift */,
			);
			path = Utils;
			sourceTree = "<group>";
		};
		09CEAD2E29C1A41700165662 = {
			isa = PBXGroup;
			children = (
				09CEAD3929C1A41700165662 /* MarketPlace */,
				09CEAD3829C1A41700165662 /* Products */,
			);
			sourceTree = "<group>";
		};
		09CEAD3829C1A41700165662 /* Products */ = {
			isa = PBXGroup;
			children = (
				09CEAD3729C1A41700165662 /* MarketPlace.app */,
			);
			name = Products;
			sourceTree = "<group>";
		};
		09CEAD3929C1A41700165662 /* MarketPlace */ = {
			isa = PBXGroup;
			children = (
				09CEAD5729C1BAB500165662 /* App */,
				0975473F29D1B058001845CF /* Repository */,
				090C83E829D1644B004AF336 /* Service */,
				09CEAD6229C1D81300165662 /* CoreData */,
				0941AAC329C589000086481C /* Model */,
				09CEAD5029C1B9FC00165662 /* Feature */,
				09CEAD5C29C1BBF200165662 /* ViewModifier */,
				09F04DB029C84232007DC641 /* Components */,
				0975474029D1B075001845CF /* Utils */,
				09CEAD5B29C1BBE100165662 /* Extenstion */,
				09CEAD4829C1AA3300165662 /* Font */,
				09CEAD3E29C1A41800165662 /* Assets.xcassets */,
				09CEAD4029C1A41800165662 /* Preview Content */,
			);
			path = MarketPlace;
			sourceTree = "<group>";
		};
		09CEAD4029C1A41800165662 /* Preview Content */ = {
			isa = PBXGroup;
			children = (
				09CEAD4129C1A41800165662 /* Preview Assets.xcassets */,
			);
			path = "Preview Content";
			sourceTree = "<group>";
		};
		09CEAD4829C1AA3300165662 /* Font */ = {
			isa = PBXGroup;
			children = (
				09CEAD4929C1AA6100165662 /* Montserrat.ttf */,
			);
			path = Font;
			sourceTree = "<group>";
		};
		09CEAD5029C1B9FC00165662 /* Feature */ = {
			isa = PBXGroup;
			children = (
				09268DB929CF375E00D17F8C /* TabBar */,
				09D7853029CC1A1A00231C7C /* Profile */,
				09F04DAF29C841DA007DC641 /* Home */,
				09CEAD5829C1BAEF00165662 /* Login */,
				09CEAD5129C1BA1000165662 /* SignIn */,
			);
			path = Feature;
			sourceTree = "<group>";
		};
		09CEAD5129C1BA1000165662 /* SignIn */ = {
			isa = PBXGroup;
			children = (
				09CEAD3C29C1A41700165662 /* SignInView.swift */,
				09CEAD5229C1BA1F00165662 /* SignInViewModel.swift */,
			);
			path = SignIn;
			sourceTree = "<group>";
		};
		09CEAD5729C1BAB500165662 /* App */ = {
			isa = PBXGroup;
			children = (
				09CEAD3A29C1A41700165662 /* MarketPlaceApp.swift */,
				09CEAD5F29C1C14B00165662 /* MarketPlaceAppViewModel.swift */,
			);
			path = App;
			sourceTree = "<group>";
		};
		09CEAD5829C1BAEF00165662 /* Login */ = {
			isa = PBXGroup;
			children = (
				09CEAD5929C1BB0B00165662 /* LoginView.swift */,
				09CEAD5D29C1BFF500165662 /* LoginViewModel.swift */,
			);
			path = Login;
			sourceTree = "<group>";
		};
		09CEAD5B29C1BBE100165662 /* Extenstion */ = {
			isa = PBXGroup;
			children = (
				092BB77829D0855B005831D7 /* URL.swift */,
				092BB77729D0855B005831D7 /* URLRequest.swift */,
				09CEAD4E29C1AB1B00165662 /* View.swift */,
				097D4F1129C95D0900C4E1B9 /* UIApplication.swift */,
			);
			path = Extenstion;
			sourceTree = "<group>";
		};
		09CEAD5C29C1BBF200165662 /* ViewModifier */ = {
			isa = PBXGroup;
			children = (
				09468D9B29CACD5F0002FE17 /* TabBarItemViewModifier.swift */,
				09CEAD4C29C1AAFE00165662 /* CustomFontModifier.swift */,
			);
			path = ViewModifier;
			sourceTree = "<group>";
		};
		09CEAD6229C1D81300165662 /* CoreData */ = {
			isa = PBXGroup;
			children = (
				09CEAD6529C1DE1B00165662 /* LoginModel.xcdatamodeld */,
				09CEAD6829C1E25B00165662 /* LoginDataContoller.swift */,
				09CEAD6A29C1E2D100165662 /* CoreDataPublisher.swift */,
			);
			path = CoreData;
			sourceTree = "<group>";
		};
		09D7853029CC1A1A00231C7C /* Profile */ = {
			isa = PBXGroup;
			children = (
				09D7853129CC1A3300231C7C /* ProfileViewModel.swift */,
				09D7853329CC1A3B00231C7C /* ProfileView.swift */,
				09268DB629CF36A900D17F8C /* Model */,
				09268DB329CF367A00D17F8C /* Component */,
			);
			path = Profile;
			sourceTree = "<group>";
		};
		09F04DAF29C841DA007DC641 /* Home */ = {
			isa = PBXGroup;
			children = (
				09F04DB129C84286007DC641 /* HomeView.swift */,
				09F04DB329C842AB007DC641 /* HomeViewModel.swift */,
				092BB77129D04FD2005831D7 /* Model */,
				092BB76E29D04F8D005831D7 /* Components */,
			);
			path = Home;
			sourceTree = "<group>";
		};
		09F04DB029C84232007DC641 /* Components */ = {
			isa = PBXGroup;
			children = (
				09CEAD5529C1BA7200165662 /* CustomTextField.swift */,
				09468D9F29CACDC80002FE17 /* RoundedCorner.swift */,
				09D7851429CC081900231C7C /* HeaderView.swift */,
			);
			path = Components;
			sourceTree = "<group>";
		};
/* End PBXGroup section */

/* Begin PBXNativeTarget section */
		09CEAD3629C1A41700165662 /* MarketPlace */ = {
			isa = PBXNativeTarget;
			buildConfigurationList = 09CEAD4529C1A41800165662 /* Build configuration list for PBXNativeTarget "MarketPlace" */;
			buildPhases = (
				09CEAD3329C1A41700165662 /* Sources */,
				09CEAD3429C1A41700165662 /* Frameworks */,
				09CEAD3529C1A41700165662 /* Resources */,
			);
			buildRules = (
			);
			dependencies = (
			);
			name = MarketPlace;
			packageProductDependencies = (
				0975473929D1A8A8001845CF /* Nuke */,
				0975473B29D1A8A8001845CF /* NukeExtensions */,
				0975473D29D1A8A8001845CF /* NukeUI */,
			);
			productName = MarketPlace;
			productReference = 09CEAD3729C1A41700165662 /* MarketPlace.app */;
			productType = "com.apple.product-type.application";
		};
/* End PBXNativeTarget section */

/* Begin PBXProject section */
		09CEAD2F29C1A41700165662 /* Project object */ = {
			isa = PBXProject;
			attributes = {
				BuildIndependentTargetsInParallel = 1;
				LastSwiftUpdateCheck = 1420;
				LastUpgradeCheck = 1420;
				TargetAttributes = {
					09CEAD3629C1A41700165662 = {
						CreatedOnToolsVersion = 14.2;
					};
				};
			};
			buildConfigurationList = 09CEAD3229C1A41700165662 /* Build configuration list for PBXProject "MarketPlace" */;
			compatibilityVersion = "Xcode 14.0";
			developmentRegion = en;
			hasScannedForEncodings = 0;
			knownRegions = (
				en,
				Base,
			);
			mainGroup = 09CEAD2E29C1A41700165662;
			packageReferences = (
				0975473829D1A8A8001845CF /* XCRemoteSwiftPackageReference "Nuke" */,
			);
			productRefGroup = 09CEAD3829C1A41700165662 /* Products */;
			projectDirPath = "";
			projectRoot = "";
			targets = (
				09CEAD3629C1A41700165662 /* MarketPlace */,
			);
		};
/* End PBXProject section */

/* Begin PBXResourcesBuildPhase section */
		09CEAD3529C1A41700165662 /* Resources */ = {
			isa = PBXResourcesBuildPhase;
			buildActionMask = 2147483647;
			files = (
				09CEAD4229C1A41800165662 /* Preview Assets.xcassets in Resources */,
				09CEAD3F29C1A41800165662 /* Assets.xcassets in Resources */,
				09CEAD4A29C1AA6100165662 /* Montserrat.ttf in Resources */,
			);
			runOnlyForDeploymentPostprocessing = 0;
		};
/* End PBXResourcesBuildPhase section */

/* Begin PBXSourcesBuildPhase section */
		09CEAD3329C1A41700165662 /* Sources */ = {
			isa = PBXSourcesBuildPhase;
			buildActionMask = 2147483647;
			files = (
				09268DB529CF368C00D17F8C /* ProfileCellView.swift in Sources */,
				09F04DB429C842AB007DC641 /* HomeViewModel.swift in Sources */,
				09268DBE29CF37F600D17F8C /* CustomTabBarContainerView.swift in Sources */,
				09CEAD5329C1BA1F00165662 /* SignInViewModel.swift in Sources */,
				090C83E129D162C3004AF336 /* FlashSaleView.swift in Sources */,
				090C83E329D162DB004AF336 /* LatestView.swift in Sources */,
				09CEAD5A29C1BB0B00165662 /* LoginView.swift in Sources */,
				095A41B229C335AA00066D72 /* SecureStorage.swift in Sources */,
				090C83E529D16302004AF336 /* LatestModel.swift in Sources */,
				092BB77029D04F9A005831D7 /* CategoryHeaderView.swift in Sources */,
				092BB77A29D0855B005831D7 /* URL.swift in Sources */,
				090C83E729D163D0004AF336 /* FlashSaleModel.swift in Sources */,
				09468D9C29CACD5F0002FE17 /* TabBarItemViewModifier.swift in Sources */,
				090C83EC29D17825004AF336 /* SearchModel.swift in Sources */,
				09CEAD4F29C1AB1B00165662 /* View.swift in Sources */,
				090C83EA29D16459004AF336 /* HomeService.swift in Sources */,
				09268DBC29CF37AB00D17F8C /* CustomTabBarView.swift in Sources */,
				09D7853229CC1A3300231C7C /* ProfileViewModel.swift in Sources */,
				09268DC029CF381100D17F8C /* TabBarViewModel.swift in Sources */,
				092BB77329D04FE3005831D7 /* CategoryHeaderModel.swift in Sources */,
				09D7853429CC1A3B00231C7C /* ProfileView.swift in Sources */,
				09CEAD5629C1BA7200165662 /* CustomTextField.swift in Sources */,
				09CEAD6929C1E25B00165662 /* LoginDataContoller.swift in Sources */,
				09268DB829CF36B500D17F8C /* ProfileCellModel.swift in Sources */,
				09CEAD6029C1C14B00165662 /* MarketPlaceAppViewModel.swift in Sources */,
				092BB77929D0855B005831D7 /* URLRequest.swift in Sources */,
				09CEAD5E29C1BFF500165662 /* LoginViewModel.swift in Sources */,
				09CEAD6729C1DE1B00165662 /* LoginModel.xcdatamodeld in Sources */,
				097D4F1229C95D0900C4E1B9 /* UIApplication.swift in Sources */,
				09CEAD3D29C1A41700165662 /* SignInView.swift in Sources */,
				09CEAD3B29C1A41700165662 /* MarketPlaceApp.swift in Sources */,
				09CEAD6429C1D96C00165662 /* Scheduler.swift in Sources */,
				09CEAD4D29C1AAFE00165662 /* CustomFontModifier.swift in Sources */,
				097D4F1029C94C5100C4E1B9 /* TabBarView.swift in Sources */,
				09F04DB229C84286007DC641 /* HomeView.swift in Sources */,
				09468D9E29CACD8E0002FE17 /* TabBarItem.swift in Sources */,
				0941AAC529C5890D0086481C /* UserModel.swift in Sources */,
				09468DA029CACDC80002FE17 /* RoundedCorner.swift in Sources */,
				09D7851529CC081900231C7C /* HeaderView.swift in Sources */,
				09CEAD6B29C1E2D100165662 /* CoreDataPublisher.swift in Sources */,
				092BB77C29D085BC005831D7 /* BaseNetwork.swift in Sources */,
			);
			runOnlyForDeploymentPostprocessing = 0;
		};
/* End PBXSourcesBuildPhase section */

/* Begin XCBuildConfiguration section */
		09CEAD4329C1A41800165662 /* Debug */ = {
			isa = XCBuildConfiguration;
			buildSettings = {
				ALWAYS_SEARCH_USER_PATHS = NO;
				CLANG_ANALYZER_NONNULL = YES;
				CLANG_ANALYZER_NUMBER_OBJECT_CONVERSION = YES_AGGRESSIVE;
				CLANG_CXX_LANGUAGE_STANDARD = "gnu++20";
				CLANG_ENABLE_MODULES = YES;
				CLANG_ENABLE_OBJC_ARC = YES;
				CLANG_ENABLE_OBJC_WEAK = YES;
				CLANG_WARN_BLOCK_CAPTURE_AUTORELEASING = YES;
				CLANG_WARN_BOOL_CONVERSION = YES;
				CLANG_WARN_COMMA = YES;
				CLANG_WARN_CONSTANT_CONVERSION = YES;
				CLANG_WARN_DEPRECATED_OBJC_IMPLEMENTATIONS = YES;
				CLANG_WARN_DIRECT_OBJC_ISA_USAGE = YES_ERROR;
				CLANG_WARN_DOCUMENTATION_COMMENTS = YES;
				CLANG_WARN_EMPTY_BODY = YES;
				CLANG_WARN_ENUM_CONVERSION = YES;
				CLANG_WARN_INFINITE_RECURSION = YES;
				CLANG_WARN_INT_CONVERSION = YES;
				CLANG_WARN_NON_LITERAL_NULL_CONVERSION = YES;
				CLANG_WARN_OBJC_IMPLICIT_RETAIN_SELF = YES;
				CLANG_WARN_OBJC_LITERAL_CONVERSION = YES;
				CLANG_WARN_OBJC_ROOT_CLASS = YES_ERROR;
				CLANG_WARN_QUOTED_INCLUDE_IN_FRAMEWORK_HEADER = YES;
				CLANG_WARN_RANGE_LOOP_ANALYSIS = YES;
				CLANG_WARN_STRICT_PROTOTYPES = YES;
				CLANG_WARN_SUSPICIOUS_MOVE = YES;
				CLANG_WARN_UNGUARDED_AVAILABILITY = YES_AGGRESSIVE;
				CLANG_WARN_UNREACHABLE_CODE = YES;
				CLANG_WARN__DUPLICATE_METHOD_MATCH = YES;
				COPY_PHASE_STRIP = NO;
				DEBUG_INFORMATION_FORMAT = dwarf;
				ENABLE_STRICT_OBJC_MSGSEND = YES;
				ENABLE_TESTABILITY = YES;
				GCC_C_LANGUAGE_STANDARD = gnu11;
				GCC_DYNAMIC_NO_PIC = NO;
				GCC_NO_COMMON_BLOCKS = YES;
				GCC_OPTIMIZATION_LEVEL = 0;
				GCC_PREPROCESSOR_DEFINITIONS = (
					"DEBUG=1",
					"$(inherited)",
				);
				GCC_WARN_64_TO_32_BIT_CONVERSION = YES;
				GCC_WARN_ABOUT_RETURN_TYPE = YES_ERROR;
				GCC_WARN_UNDECLARED_SELECTOR = YES;
				GCC_WARN_UNINITIALIZED_AUTOS = YES_AGGRESSIVE;
				GCC_WARN_UNUSED_FUNCTION = YES;
				GCC_WARN_UNUSED_VARIABLE = YES;
				IPHONEOS_DEPLOYMENT_TARGET = 16.2;
				MTL_ENABLE_DEBUG_INFO = INCLUDE_SOURCE;
				MTL_FAST_MATH = YES;
				ONLY_ACTIVE_ARCH = YES;
				SDKROOT = iphoneos;
				SWIFT_ACTIVE_COMPILATION_CONDITIONS = DEBUG;
				SWIFT_OPTIMIZATION_LEVEL = "-Onone";
			};
			name = Debug;
		};
		09CEAD4429C1A41800165662 /* Release */ = {
			isa = XCBuildConfiguration;
			buildSettings = {
				ALWAYS_SEARCH_USER_PATHS = NO;
				CLANG_ANALYZER_NONNULL = YES;
				CLANG_ANALYZER_NUMBER_OBJECT_CONVERSION = YES_AGGRESSIVE;
				CLANG_CXX_LANGUAGE_STANDARD = "gnu++20";
				CLANG_ENABLE_MODULES = YES;
				CLANG_ENABLE_OBJC_ARC = YES;
				CLANG_ENABLE_OBJC_WEAK = YES;
				CLANG_WARN_BLOCK_CAPTURE_AUTORELEASING = YES;
				CLANG_WARN_BOOL_CONVERSION = YES;
				CLANG_WARN_COMMA = YES;
				CLANG_WARN_CONSTANT_CONVERSION = YES;
				CLANG_WARN_DEPRECATED_OBJC_IMPLEMENTATIONS = YES;
				CLANG_WARN_DIRECT_OBJC_ISA_USAGE = YES_ERROR;
				CLANG_WARN_DOCUMENTATION_COMMENTS = YES;
				CLANG_WARN_EMPTY_BODY = YES;
				CLANG_WARN_ENUM_CONVERSION = YES;
				CLANG_WARN_INFINITE_RECURSION = YES;
				CLANG_WARN_INT_CONVERSION = YES;
				CLANG_WARN_NON_LITERAL_NULL_CONVERSION = YES;
				CLANG_WARN_OBJC_IMPLICIT_RETAIN_SELF = YES;
				CLANG_WARN_OBJC_LITERAL_CONVERSION = YES;
				CLANG_WARN_OBJC_ROOT_CLASS = YES_ERROR;
				CLANG_WARN_QUOTED_INCLUDE_IN_FRAMEWORK_HEADER = YES;
				CLANG_WARN_RANGE_LOOP_ANALYSIS = YES;
				CLANG_WARN_STRICT_PROTOTYPES = YES;
				CLANG_WARN_SUSPICIOUS_MOVE = YES;
				CLANG_WARN_UNGUARDED_AVAILABILITY = YES_AGGRESSIVE;
				CLANG_WARN_UNREACHABLE_CODE = YES;
				CLANG_WARN__DUPLICATE_METHOD_MATCH = YES;
				COPY_PHASE_STRIP = NO;
				DEBUG_INFORMATION_FORMAT = "dwarf-with-dsym";
				ENABLE_NS_ASSERTIONS = NO;
				ENABLE_STRICT_OBJC_MSGSEND = YES;
				GCC_C_LANGUAGE_STANDARD = gnu11;
				GCC_NO_COMMON_BLOCKS = YES;
				GCC_WARN_64_TO_32_BIT_CONVERSION = YES;
				GCC_WARN_ABOUT_RETURN_TYPE = YES_ERROR;
				GCC_WARN_UNDECLARED_SELECTOR = YES;
				GCC_WARN_UNINITIALIZED_AUTOS = YES_AGGRESSIVE;
				GCC_WARN_UNUSED_FUNCTION = YES;
				GCC_WARN_UNUSED_VARIABLE = YES;
				IPHONEOS_DEPLOYMENT_TARGET = 16.2;
				MTL_ENABLE_DEBUG_INFO = NO;
				MTL_FAST_MATH = YES;
				SDKROOT = iphoneos;
				SWIFT_COMPILATION_MODE = wholemodule;
				SWIFT_OPTIMIZATION_LEVEL = "-O";
				VALIDATE_PRODUCT = YES;
			};
			name = Release;
		};
		09CEAD4629C1A41800165662 /* Debug */ = {
			isa = XCBuildConfiguration;
			buildSettings = {
				ASSETCATALOG_COMPILER_APPICON_NAME = AppIcon;
				ASSETCATALOG_COMPILER_GLOBAL_ACCENT_COLOR_NAME = AccentColor;
				CODE_SIGN_STYLE = Automatic;
				CURRENT_PROJECT_VERSION = 1;
				DEVELOPMENT_ASSET_PATHS = "\"MarketPlace/Preview Content\"";
				DEVELOPMENT_TEAM = 9B7MLUGM59;
				ENABLE_PREVIEWS = YES;
				GENERATE_INFOPLIST_FILE = YES;
				INFOPLIST_FILE = MarketPlace/Info.plist;
				INFOPLIST_KEY_UIApplicationSceneManifest_Generation = YES;
				INFOPLIST_KEY_UIApplicationSupportsIndirectInputEvents = YES;
				INFOPLIST_KEY_UILaunchScreen_Generation = YES;
				INFOPLIST_KEY_UIStatusBarStyle = UIStatusBarStyleLightContent;
				INFOPLIST_KEY_UISupportedInterfaceOrientations_iPad = "UIInterfaceOrientationPortrait UIInterfaceOrientationPortraitUpsideDown UIInterfaceOrientationLandscapeLeft UIInterfaceOrientationLandscapeRight";
				INFOPLIST_KEY_UISupportedInterfaceOrientations_iPhone = "UIInterfaceOrientationPortrait UIInterfaceOrientationLandscapeLeft UIInterfaceOrientationLandscapeRight";
				LD_RUNPATH_SEARCH_PATHS = (
					"$(inherited)",
					"@executable_path/Frameworks",
				);
				MARKETING_VERSION = 1.0;
				PRODUCT_BUNDLE_IDENTIFIER = com.everlastingholder.MarketPlace;
				PRODUCT_NAME = "$(TARGET_NAME)";
				SWIFT_EMIT_LOC_STRINGS = YES;
				SWIFT_VERSION = 5.0;
				TARGETED_DEVICE_FAMILY = "1,2";
			};
			name = Debug;
		};
		09CEAD4729C1A41800165662 /* Release */ = {
			isa = XCBuildConfiguration;
			buildSettings = {
				ASSETCATALOG_COMPILER_APPICON_NAME = AppIcon;
				ASSETCATALOG_COMPILER_GLOBAL_ACCENT_COLOR_NAME = AccentColor;
				CODE_SIGN_STYLE = Automatic;
				CURRENT_PROJECT_VERSION = 1;
				DEVELOPMENT_ASSET_PATHS = "\"MarketPlace/Preview Content\"";
				DEVELOPMENT_TEAM = 9B7MLUGM59;
				ENABLE_PREVIEWS = YES;
				GENERATE_INFOPLIST_FILE = YES;
				INFOPLIST_FILE = MarketPlace/Info.plist;
				INFOPLIST_KEY_UIApplicationSceneManifest_Generation = YES;
				INFOPLIST_KEY_UIApplicationSupportsIndirectInputEvents = YES;
				INFOPLIST_KEY_UILaunchScreen_Generation = YES;
				INFOPLIST_KEY_UIStatusBarStyle = UIStatusBarStyleLightContent;
				INFOPLIST_KEY_UISupportedInterfaceOrientations_iPad = "UIInterfaceOrientationPortrait UIInterfaceOrientationPortraitUpsideDown UIInterfaceOrientationLandscapeLeft UIInterfaceOrientationLandscapeRight";
				INFOPLIST_KEY_UISupportedInterfaceOrientations_iPhone = "UIInterfaceOrientationPortrait UIInterfaceOrientationLandscapeLeft UIInterfaceOrientationLandscapeRight";
				LD_RUNPATH_SEARCH_PATHS = (
					"$(inherited)",
					"@executable_path/Frameworks",
				);
				MARKETING_VERSION = 1.0;
				PRODUCT_BUNDLE_IDENTIFIER = com.everlastingholder.MarketPlace;
				PRODUCT_NAME = "$(TARGET_NAME)";
				SWIFT_EMIT_LOC_STRINGS = YES;
				SWIFT_VERSION = 5.0;
				TARGETED_DEVICE_FAMILY = "1,2";
			};
			name = Release;
		};
/* End XCBuildConfiguration section */

/* Begin XCConfigurationList section */
		09CEAD3229C1A41700165662 /* Build configuration list for PBXProject "MarketPlace" */ = {
			isa = XCConfigurationList;
			buildConfigurations = (
				09CEAD4329C1A41800165662 /* Debug */,
				09CEAD4429C1A41800165662 /* Release */,
			);
			defaultConfigurationIsVisible = 0;
			defaultConfigurationName = Release;
		};
		09CEAD4529C1A41800165662 /* Build configuration list for PBXNativeTarget "MarketPlace" */ = {
			isa = XCConfigurationList;
			buildConfigurations = (
				09CEAD4629C1A41800165662 /* Debug */,
				09CEAD4729C1A41800165662 /* Release */,
			);
			defaultConfigurationIsVisible = 0;
			defaultConfigurationName = Release;
		};
/* End XCConfigurationList section */

/* Begin XCRemoteSwiftPackageReference section */
		0975473829D1A8A8001845CF /* XCRemoteSwiftPackageReference "Nuke" */ = {
			isa = XCRemoteSwiftPackageReference;
			repositoryURL = "https://github.com/kean/Nuke";
			requirement = {
				branch = main;
				kind = branch;
			};
		};
/* End XCRemoteSwiftPackageReference section */

/* Begin XCSwiftPackageProductDependency section */
		0975473929D1A8A8001845CF /* Nuke */ = {
			isa = XCSwiftPackageProductDependency;
			package = 0975473829D1A8A8001845CF /* XCRemoteSwiftPackageReference "Nuke" */;
			productName = Nuke;
		};
		0975473B29D1A8A8001845CF /* NukeExtensions */ = {
			isa = XCSwiftPackageProductDependency;
			package = 0975473829D1A8A8001845CF /* XCRemoteSwiftPackageReference "Nuke" */;
			productName = NukeExtensions;
		};
		0975473D29D1A8A8001845CF /* NukeUI */ = {
			isa = XCSwiftPackageProductDependency;
			package = 0975473829D1A8A8001845CF /* XCRemoteSwiftPackageReference "Nuke" */;
			productName = NukeUI;
		};
/* End XCSwiftPackageProductDependency section */

/* Begin XCVersionGroup section */
		09CEAD6529C1DE1B00165662 /* LoginModel.xcdatamodeld */ = {
			isa = XCVersionGroup;
			children = (
				09CEAD6629C1DE1B00165662 /* LoginModel.xcdatamodel */,
			);
			currentVersion = 09CEAD6629C1DE1B00165662 /* LoginModel.xcdatamodel */;
			path = LoginModel.xcdatamodeld;
			sourceTree = "<group>";
			versionGroupType = wrapper.xcdatamodel;
		};
/* End XCVersionGroup section */
	};
	rootObject = 09CEAD2F29C1A41700165662 /* Project object */;
}
